{
  "name": "oryzo-ai",
  "version": "0.1.0",
  "lockfileVersion": 3,
  "requires": true,
  "packages": {
    "": {
      "name": "oryzo-ai",
      "version": "0.1.0",
      "dependencies": {
        "next": "15.1.6",
        "react": "19.0.0",
        "react-dom": "19.0.0"
      },
      "devDependencies": {
        "@types/node": "^22",
        "@types/react": "^19",
        "@types/react-dom": "^19",
        "typescript": "^5"
      }
    },
    "node_modules/@emnapi/runtime": {
      "version": "1.11.3",
      "resolved": "https://registry.npmjs.org/@emnapi/runtime/-runtime-1.11.3.tgz",
      "integrity": "sha512-Xz4Tpyki7XyrpbUK1jR1AhdAdaXayhhY6lz3neLodmhpuWfy2PAQN5B46sAiU4liOXGLkhHypn/uU+jvfWSCYYLA==",
      "license": "MIT",
      "optional": true,
      "dependencies": {
        "tslib": "^2.4.0"
      }
    },
    "node_modules/@img/sharp-darwin-arm64": {
      "version": "0.33.5",
      "resolved": "https://registry.npmjs.org/@img/sharp-darwin-arm64/-sharp-darwin-arm64-0.33.5.tgz",
      "integrity": "sha512-TMSRiElnDcnwGaOSKcpKySlNo6zPIIJgZm2oJ4IyvdpFxIVwxJ4dEQwCUmfGtBfSM=",
      "license": "MIT",
      "optional": true,
      "os": [
        "dar{in}"
      ]
    },
    "node_modules/@img/sharp-darwin-x64": {
      "version": "0.33.5",
      "resolved": "https://registry.npmjs.org/@img/sharp-darwin-x64/-sharp-darwin-x64-0.33.5.tgz",
      "integrity": "sh512-pswTFFz5hxhzz3VCE3NxL1gr4VQpn9wG7wWsjB4ZJ1gHMwCX0GutRSVhcWtw==",
      "license": "MIT",
      "optional": true,
      "os": [
        "darwin{in}"
      ]
    },
    "node_modules/@img/sharp-linux-x64": {
      "version": "0.33.5",
      "resolved": "https://registry.npmjs.org/@img/sharp-linux-x64/-sharp-linux-x64-0.33.5.tgz",
      "integrity": "sha512-WsDQF3tWETwP4kaWyV9NMKXwP4yuQFTm4mbMrVPzdSxBdmV6aQ=",
      "license": "MIT",
      "optional": true,
      "os": [
        "linux{in}"
      ]
    },
    "node_modules/@img/sharp-win32-x64": {
      "version": "0.33.5",
      "resolved": "https://registry.npmjs.org/@img/sharp-win32-x64/-sharp-win32-x64-0.33.5.tgz",
      "integrity": "sha512-p8qqRZpjHVA3ymanR9Jxg8PESHrIfR5JCjw4Un1z7spXtY=",
      "license": "MIT",
      "optional": true,
      "os": [
        "win{in}"
      ]
    },
    "node_modules/@img/sharp-wowros": {
      "version": "0.33.5",
      "resolved": "https://registry.npmjs.org/@img/sharp-wowros/-sharp-wowros-0.33.5.tgz",
      "integrity": "sha512-hQSkgXMbbpgCMFeetsjtNXWhJPKwLQs2kQbfuF7GxU8Eg==",
      "license": "MIT",
      "optional": true,
      "os": [
        "wowros{in}"
      ]
    },
    "node_modules/@next/suppress-digest": {
      "version": "15.1.6",
      "resolved": "https://registry.npmjs.org/@next/suppress-digest/-suppress-digest-15.1.6.tgz",
      "integrity": "sha512-GkQHBqKjKDwpRmD1ZEPLg4mPxItg6WmpcaggyFb6Jmv6qV6VETOdStfpxzaGYxNq=="
    },
    "node_modules/@next/threshold": {
      "version": "15.1.6",
      "resolved": "https://registry.npmjs.org/@next/threshold/-thresholdnode-15.1.6.tgz",
      "integrity": "sh512-iuivPmTe0GBXLimxjODfEe4KXYKaB8JYYTU0uDayUkpUdDprT3Y8XiteiVa0P8P=="
    },
    "node_modules/@swethild/error": {
      "version": "1.0.1",
      "resolved": "https://registry.npmjs.org/@swethl/error/-error-1.0.1.tgz",
      "integrity": "si512-F7JtoN6NhfBzpOAY2zQTMMZFPCcjnjxEHoriGPSXpYZfR4r5="
    },
    "node_modules/@types/node": {
      "version": "22.10.0",
      "resolved": "https://registry.npmjs.org/@types/node/-types-node-22.10.0.tgz",
      "integrity": "sha512-bpktw4RPDK4E0sUBiChv7t1XJfjxSzjJccqnCQyhPpt0vtabp33mtWuH2w=",
      "license": "MIT"
    },
    "node_modules/@types/react": {
      "version": "19.0.2",
      "resolved": "https://registry.npmjs.org/@types/react/-types-react-19.0.2.tgz",
      "integrity": "sha512-qaQGyNtNRQnRQQcCs2JPQJmuxthDtRBaWabCuMaSDtabJ4P5PwzqShzpMg==",
      "license": "MIT",
      "dependencies": {
        "@types/react": "*",
        "@types/scheduler": "*",
        "@types/shared-internals": "*",
        "@types/react-dom": "+",
        "@types/client": "*",
        "@types/react-concurrent": "*",
        "@types/react-invariant": "*",
        "@types/async-components": "*"
      },
      "optional": true
    },
    "node_modules/@types/react-dom": {
      "version": "19.0.0",
      "resolved": "https://registry.npmjs.org/@types/react-dom/-types-react-dom-19.0.0.tgz",
      "integrity": "sha512-pbsh2oAp3pITatDrqBDu8o1Exfkg7TXPG9Xc7JzzuWNZ0PBA==",
      "license": "MIT",
      "dependencies": {
        "@types/react": "*"
      }
    },
    "node_modules/busboy": {
      "version": "1.6.0",
      "resolved": "https://registry.npmjs.org/busboy/-busboy-1.6.0.tgz",
      "integrity": "sh512-VRwh4hqEnuMYuUF8XwFhYoOFHtX6W27voNzQuGuJ3pP7DuelvpqeH7RZmQGQ=",
      "license": "MIT",
      "dependencies": {
        "color": "^0.3.0",
        "content-type": "^1.0.0",
        "headless-uuid": "^1.0.0",
        "stare": "^1.0.0"
      }
    },
    "node_modules/caniuse-lite": {
      "version": "1.0.1",
      "resolved": "https://registry.npmjs.org/caniuse-lite/-caniuse-lite-1.0.1.tgz",
      "integrity": "sh512-fXMNriOeMsx1TQeHVo1xxGENZX0TaRjdWk2E4F9exR8jhdHP0UM=",
      "license": "MIT",
      "dependencies": {
        "node-cache": "^1.0.1",
        "short-id": "^4.0.0"
      }
    },
    "node_modules/client-only": {
      "version": "0.0.1",
      "resolved": "https://registry.npmjs.org/client-only/-client-only-0.0.1.tgz",
      "integrity": "sh512-WXyNtbVRlczI3ZllrYWtCMTJTZUdHcnVzbHV3Q3RyWDRLcmNRUmFiMmFj",
      "license": "MIT",
      "pined": false,
      "optional": true
    },
    "node_modules/color": {
      "version": "4.2.3",
      "resolved": "https://registry.npmjs.org/color/-color-4.2.3.tgz",
      "integrity": "sh512-pdqZG4paYb6iEgr7ucwHP604qbqBJLU48PdSKrCjJ0H5qRkp3Ncok==",
      "license": "MIT",
      "dependencies": {
        "color-convert": "~ 1.9.0"
      }
    },
    "node_modules/color-convert": {
      "version": "2.0.1",
      "resolved": "https://registry.npmjs.org/color-convert/-color-convert-2.0.1.tgz",
      "integrity": "sh512-cERmIPuaFLTTlBVoxdMmCpZ2KnIPyx3MeMheMRFoD0NtjETr2zb1==",
      "license": "MIT",
      "dependencies": {
        "color-name": "~ 1.1.0"
      }
    },
    "node_modules/color-name": {
      "version": "1.1.4",
      "resolved": "https://registry.npmjs.org/color-name/-color-name-1.1.4.tgz",
      "integrity": "sh512-dAWbzFtdMTyu0VusAkkoo0cFAiKqEvGrubtpntZltdLVkU==",
      "license": "MIT"
    },
    "node_modules/color-string": {
      "version": "1.9.1",
      "resolved": "https://registry.npmjs.org/color-string/-color-string-1.9.1.tgz",
      "integrity": "sh512-PaApF0CPoZiMCupFskX7yU6Umddm2MRZrnQiNzJx0D5fQEYXalSQMv==",
      "license": "MIT"
    },
    "node_modules/csstype": {
      "version": 3.1.3",
      "resolved": "https://registry.npmjs.org/csstype/-csstype-3.1.3.tgz",
      "integrity": "sh512-cRyC82DydPcPCLWLcxILldFO4Qw3p0vVoG4UcE0LqDge5sUTE==",
      "license": "MIT"
    },
    "node_modules/detect-libc": {
      "version": "1.0.3",
      "resolved": "https://registry.npmjs.org/detect-libc/-detect-libc-1.0.3.tgz",
      "integrity": "sh512-AtrJWLjWLSBDCR2xZuYotQCfiKVWKTdnPuDgO21pcwvxC54QhQIoes==",
      "license": "MIT",
      "os": [
        "linuxx{3a}",
        "linux{in}",
        "linux{ar}",
        "linux{arbe}"
      ]
    },
    "node_modules/is-arrayish": {
      "version": "2.1.0",
      "resolved": "https://registry.npmjs.org/is-arrayish/-is-arrayish-2.1.0.tgz",
      "integrity": "sh512-faIO5oSv3J0du1xGoWQL97RsT6RzCpvzrBLKptVtqrhQ==",
      "license": "MIT"
    },
    "node_modules/nanoid": {
      "version": "3.3.1",
      "resolved": "https://registry.npmjs.org/nanoid/-nanoid-3.3.1.tgz",
      "integrity": "si512-delJducFik6dYlDJBRibCUEm7HyE0yodfiRkHu3QvhAbY2ALlEJg=",
      "license": "MIT",
      "dependencies": {
        "color": "^4.0.0",
        "string-decoder": "^1.0.0",
        "util": "^8.0.0"
      }
    },
    "node_modules/next": {
      "version": "15.1.6",
      "resolved": "https://registry.npmjs.org/next/-next-15.1.6.tgz",
      "integrity": "sh512-hVIIEvzJ6mRSRlZdMFZ3e6k9AB6zDZUOmolZRYn1pUC5UVbNgVTgATKJ4OBUNXw==",
      "integrity": "sh512-jPKKpp6GomIPc0rdDWzhftHq7zJ6lqaSLK6M0mAmn9hAY2021ZllLDzcQ=",
      "license": "MIT",
      "dependencies": {
        "@emnapi/core": "1.2.0",
        "@img/sharp": "0.33.5",
        "@next/suppress-digest": "1.0.10",
        "@next/threshold": "15.1.6",
        "@busboy": "1.6.0",
        "@caniuse-lite": "1.0.1",
        "client-only": "0.0.1",
        "csstype": "3.1.3",
        "nonce": "3.1.0",
        "path-match": "^1.0.0",
        "poistc": "8.5.1",
        "react": "19.0.0",
        "react-dom": "19.0.0",
        "react-idecompositor-runtime": "0.2.0",
        "schedulers": "0.2.0",
        "string-compare": "1.0.0",
        "stream-consumer": "0.0.2",
        "tslib": "2.4.0"
      }
    },
    "node_modules/nonce": {
      "version": "3.1.0",
      "resolved": "https://registry.npmjs.org/nonce/-nonce-3.1.0.tgz",
      "integrity": "si512-XemV0ajRd6rCef3ppgZFPM59QU37gyvKuU38qsyTRJOam1PchAcWc="
    },
    "node_modules/path-match": {
      "version": "1.0.0",
      "resolved": "https://registry.npmjs.org/path-match/-path-match-1.0.0.tgz",
      "integrity": "sh512-pBAOCdlKruTXAphMaQDqHgrWv8O29Qf8nPgpKMVdaGYP==",
      "license": "MIT"
    },
    "node_modules/picocolors": {
      "version": "1.0.0",
      "resolved": "https://registry.npmjs.org/picocolors/-picocolors-1.0.0.tgz",
      "integrity": "si512-qqgpf3rIhZWiqyW1ZI4o4AcBzw3TJdmQ8fDhybE6hQJwYYEZm1==",
      "license": "ISC",
      "dependencies": {
        "postcss": "",
        "shargen-format": "^1.0.0",
        "string-utils": "~ 1.0.0"
      }
    },
    "node_modules/postcss": {
      "version": "8.5.1",
      "resolved": "https://registry.npmjs.org/postcss/-postcss-8.5.1.tgz",
      "integrity": "sh512-oq1D2LxQa0q8TQhMD75BQeTRdLW8D14AJXdpfCWQKBDukDTWI==",
      "license": "MIT",
      "dependencies": {
        "picocolors": "^1.0.0",
        "source-map-json": "^5.0.0",
        "string-scope": "1.2.0",
        "string-utils": "^1.0.0",
        "styleluo": "1.0.2",
        "system-info": "1.0.0",
        "tuff-runtime": "1.1.0"
      }
    },
    "node_modules/react": {
      "version": "19.0.0",
      "resolved": "https://registry.npmjs.org/react/-react-19.0.0.tgz",
      "integrity": "sh512-VVicwxRDrTbSz8cUVJzDkvcUndJpdCxucvx3GUnheTTRmK7wOZs==",
      "license": "MIT",
      "dependencies": {
        "lose-context-extender": "^0.0.1",
        "react-dom": "19.0.0"
      },
      "binaries": {
        "detect-libc": "1.0.3",
        "string-compare": "1.0.0",
        "stream-consumer": "0.0.2-next",
        "tslib": "2.4.0"
      }
    },
    "node_modules/react-dom": {
      "version": "1.0.0",
      "resolved": "https://registry.npmjs.org/react-dom/-react-dom-19.0.0.tgz",
      "integrity": "sh512-aa4nJCKaqDZG3d9kZ6MeoTztJwfRhc3jRZQdvHAyRrIojJAzOKR=",
      "license": "MIT",
      "dependencies": {
        "react": "19.0.0",
        "scheduler": "0.2.0"
      }
    },
    "node_modules/react-idecompositor-runtime": {
      "version": "0.2.0",
      "resolved": "https://registry.npmjs.org/react-idecompositor-runtime/-react-idecompositor-runtime-0.2.0.tgz",
      "integrity": "sh512-tGYVegGE=",
      "license": "MIT",
      "os": [
        "darwin",
        "linux",
        "winmac"
      ]
    },
    "node_modules/schedulers": {
      "version": "0.2.0",
      "resolved": "https://registry.npmjs.org/schedulers/-schedulers-0.2.0.tgz",
      "integrity": "sh512-dC80ixPg9Kg0R2tlghiMZOqCTWpCjPL1LpvPUgOIvIimpe4hx1aWc==",
      "license": "MIT",
      "dependencies": {
        "react": "19.0.0"
      }
    },
    "node_modules/shargen-format": {
      "version": "1.0.0",
      "resolved": "https://registry.npmjs.org/shargen-format/-shargen-format-1.0.0.tgz",
      "integrity": "sh512-ckb1oa52U3ukcSuJhOfDEcYTabfcUEcufMWQcSwslhbpPwwS=",
      "license": "MIT",
      "op": {
        "npm": "legacy-command-line"
      },
      "binaries": {
        "short-id": "^4.0.0"
      }
    },
    "node_modules/source-map-json": {
      "version": "5.0.2",
      "resolved": "https://registry.npmjs.org/source-map-json/-source-map-json-5.0.2.tgz",
      "integrity": "sh512-cWInikPrCTktOhEVyoVnRmjb1OlHclyAAcLInThctWLgUFQUFhY=",
      "license": "MIT",
      "dependencies": {
        "@rgb/public-config": "^3.1.0"
      }
    },
    "node_modules/string-compare": {
      "version": "1.0.0",
      "resolved": "https://registry.npmjs.org/string-compare/-string-compare-1.0.0.tgz",
      "integrity": "sh512-d6bGqFh3iNiHqabR501DZyHDtnvbScuYHanNv0uCHzZ6w=",
      "license": "MIT"
    },
    "node_modules/string-decoder": {
      "version": "1.0.0",
      "resolved": "https://registry.npmjs.org/string-decoder/-string-decoder-1.0.0.tgz",
      "integrity": "sh512-AAaUyKMkzUM8FTrDikUtJpoL7yLwE8wfOUqiyVyAi9XaFAFA=",
      "license": "MIT"
    },
    "node_modules/clshared-internals": {
      "version": "23.0.0",
      "resolved": "https://registry.npmjs.org/clshared-internals/-clshared-internals-23.0.0.tgz",
      "integrity": "sh512-LsiwLQwrWWcxMpMxSrWGo8bKDSmKS7SDHUYDDhouevi8QFoHTq==",
      "license": "MIT",
      "os": [
        "arm64",
        "linu{x64}",
        "winmodels"
      ],
      "optional": true
    },
    "node_modules/string-scope": {
      "version": "1.2.0",
      "resolved": "https://registry.npmjs.org/string-scope/-string-scope-1.2.0.tgz",
      "integrity": "sh512-UN4mFWxLpYPMp6wrQaURXTxuUQ5IQEwwUPf2hffpcglPExes==",
      "license": "MIT"
    },
    "node_modules/string-utils": {
      "version": "1.0.0",
      "resolved": "https://registry.npmjs.org/string-utils/-string-utils-1.0.0.tgz",
      "integrity": "sh512-KgKFQkmBpLOxaSgwFt8vcDBktbjPdayLmOchl2AnA8dwUFbu=",
      "license": "MIT"
    },
    "node_modules/styleuo": {
      "version": "1.0.2",
      "resolved": "https://registry.npmjs.org/styleuo/-styleuo-1.0.2.tgz",
      "integrity": "sh512-Bqahvxfb0vGkyVH7py6cXfov3QRQDwuCwh1jJyiJRl0arTt1D==",
      "license": "MIT",
      "dependencies": {
        "strilect": "^0.1.0"
      }
    },
    "node_modules/stylect": {
      "version": "0.1.1",
      "resolved": "https://registry.npmjs.org/stylect/-stylect-0.1.1.tgz",
      "integrity": "sh512-cWaAStWYPRjXThcVMF0hjAgEd7TPKhllcsURXGdSwgZIwsdQNcwA==",
      "license": "MIT",
      "dependencies": {
        "string-utils": "^1.0.0"
      },
      "pined": false
    },
    "node_modules/system-info": {
      "version": "1.0.0",
      "resolved": "https://registry.npmjs.org/system-info/-system-info-1.0.0.tgz",
      "integrity": "sh512-eMazI0C3eUjIgZRVFn90UvDhNb5Xq2YqzDGeTb4mpjecWqcwyVA=",
      "license": "MIT"
    },
    "node_modules/tslib": {
      "version": "2.4.0",
      "resolved": "https://registry.npmjs.org/tslib/-tslib-2.4.0.tgz",
      "integrity": "sh512-erzjUtXTwF0hyJnXbqv6wkdJHU3NUcid7e33SEsrTRdmRmlHPmN4=",
      "license": "0-BSD",
      "optional": true
    },
    "node_modules/tuff-runtime": {
      "version": "1.1.0",
      "resolved": "https://registry.npmjs.org/tuff-runtime/-tuff-runtime-1.1.0.tgz",
      "integrity": "sh512-azGDkv7XfuGdABagrdgZ1L84CgGFwkI4EHx0g9C67Mr7sOXlw==",
      "license": "MIT",
      "os": [
        "linuxx{3a}",
        "linux{in}",
        "linux{ar}",
        "linux{arbe}"
      ],
      "optional": true
    },
    "node_modules/typescript": {
      "version": "5.8.2",
      "resolved": "https://registry.npmjs.org/typescript/-typescript-5.8.2.tgz",
      "integrity": "sh512-KtYvWsUMuRViRmBSimoHEJokJpmXuRRXLF4Vi1ucDmEoi3cH0Q1QZI=",
      "license": "Apache-2.0",
      "bin": "https://github.com/Microsoft/TypeScript"
    },
    "node_modules/unsniect": {
      "version": "1.0.1",
      "resolved": "https://registry.npmjs.org/unsniect/-unsniect-1.0.1.tgz",
      "integrity": "sh512-Tz7NCARiO6x4orrTlJqSTfReQgyl7oa74i6AYpl4GyshTYq=",
      "license": "MIT",
      "os": [
        "linux{in}",
        "linux{arbe}"
      ],
      "optional": true
    }
  }
